<?xml version="1.0" encoding="UTF-8"?>
<!DOCTYPE plist PUBLIC "-//Apple//DTD PLIST 1.0//EN" "http://www.apple.com/DTDs/PropertyList-1.0.dtd">
<plist version="1.0">
<dict>
	<key>archiveVersion</key>
	<string>1</string>
	<key>classes</key>
	<dict/>
	<key>objectVersion</key>
	<string>46</string>
	<key>objects</key>
	<dict>
		<key>1EE17F56DD104BB889D0AFCE</key>
		<dict>
			<key>fileRef</key>
			<string>350DE8BA9F6E4E76AF954139</string>
			<key>isa</key>
			<string>PBXBuildFile</string>
		</dict>
		<key>350DE8BA9F6E4E76AF954139</key>
		<dict>
			<key>explicitFileType</key>
			<string>archive.ar</string>
			<key>includeInIndex</key>
			<string>0</string>
			<key>isa</key>
			<string>PBXFileReference</string>
			<key>path</key>
			<string>libPods.a</string>
			<key>sourceTree</key>
			<string>BUILT_PRODUCTS_DIR</string>
		</dict>
		<key>61A7365184AB4C44AAAFE145</key>
		<dict>
			<key>buildActionMask</key>
			<string>2147483647</string>
			<key>files</key>
			<array/>
			<key>inputPaths</key>
			<array/>
			<key>isa</key>
			<string>PBXShellScriptBuildPhase</string>
			<key>name</key>
			<string>Check Pods Manifest.lock</string>
			<key>outputPaths</key>
			<array/>
			<key>runOnlyForDeploymentPostprocessing</key>
			<string>0</string>
			<key>shellPath</key>
			<string>/bin/sh</string>
			<key>shellScript</key>
			<string>diff "${PODS_ROOT}/../Podfile.lock" "${PODS_ROOT}/Manifest.lock" &gt; /dev/null
if [[ $? != 0 ]] ; then
    cat &lt;&lt; EOM
error: The sandbox is not in sync with the Podfile.lock. Run 'pod install' or update your CocoaPods installation.
EOM
    exit 1
fi
</string>
			<key>showEnvVarsInLog</key>
			<string>0</string>
		</dict>
		<key>650876C617F6420400E3C4F4</key>
		<dict>
			<key>children</key>
			<array>
				<string>650876D817F6420400E3C4F4</string>
				<string>650876F717F6420400E3C4F4</string>
				<string>650876D117F6420400E3C4F4</string>
				<string>650876D017F6420400E3C4F4</string>
				<string>7C624B93A9844F23AD91F23C</string>
			</array>
			<key>isa</key>
			<string>PBXGroup</string>
			<key>sourceTree</key>
			<string>&lt;group&gt;</string>
		</dict>
		<key>650876C717F6420400E3C4F4</key>
		<dict>
			<key>attributes</key>
			<dict>
				<key>CLASSPREFIX</key>
				<string>LocCol</string>
				<key>LastUpgradeCheck</key>
				<string>0500</string>
				<key>ORGANIZATIONNAME</key>
				<string>Yitong Zhou</string>
				<key>TargetAttributes</key>
				<dict>
					<key>650876EF17F6420400E3C4F4</key>
					<dict>
						<key>TestTargetID</key>
						<string>650876CE17F6420400E3C4F4</string>
					</dict>
				</dict>
			</dict>
			<key>buildConfigurationList</key>
			<string>650876CA17F6420400E3C4F4</string>
			<key>compatibilityVersion</key>
			<string>Xcode 3.2</string>
			<key>developmentRegion</key>
			<string>English</string>
			<key>hasScannedForEncodings</key>
			<string>0</string>
			<key>isa</key>
			<string>PBXProject</string>
			<key>knownRegions</key>
			<array>
				<string>en</string>
				<string>Base</string>
			</array>
			<key>mainGroup</key>
			<string>650876C617F6420400E3C4F4</string>
			<key>productRefGroup</key>
			<string>650876D017F6420400E3C4F4</string>
			<key>projectDirPath</key>
			<string></string>
			<key>projectReferences</key>
			<array/>
			<key>projectRoot</key>
			<string></string>
			<key>targets</key>
			<array>
				<string>650876CE17F6420400E3C4F4</string>
				<string>650876EF17F6420400E3C4F4</string>
			</array>
		</dict>
		<key>650876CA17F6420400E3C4F4</key>
		<dict>
			<key>buildConfigurations</key>
			<array>
				<string>650876FF17F6420400E3C4F4</string>
				<string>6508770017F6420400E3C4F4</string>
			</array>
			<key>defaultConfigurationIsVisible</key>
			<string>0</string>
			<key>defaultConfigurationName</key>
			<string>Release</string>
			<key>isa</key>
			<string>XCConfigurationList</string>
		</dict>
		<key>650876CB17F6420400E3C4F4</key>
		<dict>
			<key>buildActionMask</key>
			<string>2147483647</string>
			<key>files</key>
			<array>
				<string>650876E917F6420400E3C4F4</string>
				<string>6574B8FF18061AC3007F9E19</string>
				<string>6574B903180631BE007F9E19</string>
				<string>6574B8FB180606D9007F9E19</string>
				<string>FA72F7C71806226C004A768A</string>
				<string>650876E317F6420400E3C4F4</string>
				<string>6582DCA3180CB42A004C9C6A</string>
				<string>65E9420F18067A3D0018BF2A</string>
				<string>6583D04E180643920067422B</string>
				<string>6574B9091806331B007F9E19</string>
				<string>650876DF17F6420400E3C4F4</string>
				<string>6574B90618063243007F9E19</string>
			</array>
			<key>isa</key>
			<string>PBXSourcesBuildPhase</string>
			<key>runOnlyForDeploymentPostprocessing</key>
			<string>0</string>
		</dict>
		<key>650876CC17F6420400E3C4F4</key>
		<dict>
			<key>buildActionMask</key>
			<string>2147483647</string>
			<key>files</key>
			<array>
				<string>650876D517F6420400E3C4F4</string>
				<string>650876D717F6420400E3C4F4</string>
				<string>650876D317F6420400E3C4F4</string>
				<string>1EE17F56DD104BB889D0AFCE</string>
			</array>
			<key>isa</key>
			<string>PBXFrameworksBuildPhase</string>
			<key>runOnlyForDeploymentPostprocessing</key>
			<string>0</string>
		</dict>
		<key>650876CD17F6420400E3C4F4</key>
		<dict>
			<key>buildActionMask</key>
			<string>2147483647</string>
			<key>files</key>
			<array>
				<string>650876EB17F6420400E3C4F4</string>
				<string>65E9421618070D240018BF2A</string>
				<string>650876DD17F6420400E3C4F4</string>
				<string>65E9421818070D400018BF2A</string>
				<string>650876E617F6420400E3C4F4</string>
			</array>
			<key>isa</key>
			<string>PBXResourcesBuildPhase</string>
			<key>runOnlyForDeploymentPostprocessing</key>
			<string>0</string>
		</dict>
		<key>650876CE17F6420400E3C4F4</key>
		<dict>
			<key>buildConfigurationList</key>
			<string>6508770117F6420400E3C4F4</string>
			<key>buildPhases</key>
			<array>
				<string>61A7365184AB4C44AAAFE145</string>
				<string>650876CB17F6420400E3C4F4</string>
				<string>650876CC17F6420400E3C4F4</string>
				<string>650876CD17F6420400E3C4F4</string>
				<string>E3D46BB1F93744B7887AD386</string>
			</array>
			<key>buildRules</key>
			<array/>
			<key>dependencies</key>
			<array/>
			<key>isa</key>
			<string>PBXNativeTarget</string>
			<key>name</key>
			<string>CommEffPivot</string>
			<key>productName</key>
			<string>CommEffPivot</string>
			<key>productReference</key>
			<string>650876CF17F6420400E3C4F4</string>
			<key>productType</key>
			<string>com.apple.product-type.application</string>
		</dict>
		<key>650876CF17F6420400E3C4F4</key>
		<dict>
			<key>explicitFileType</key>
			<string>wrapper.application</string>
			<key>includeInIndex</key>
			<string>0</string>
			<key>isa</key>
			<string>PBXFileReference</string>
			<key>path</key>
			<string>CommEffPivot.app</string>
			<key>sourceTree</key>
			<string>BUILT_PRODUCTS_DIR</string>
		</dict>
		<key>650876D017F6420400E3C4F4</key>
		<dict>
			<key>children</key>
			<array>
				<string>650876CF17F6420400E3C4F4</string>
				<string>650876F017F6420400E3C4F4</string>
			</array>
			<key>isa</key>
			<string>PBXGroup</string>
			<key>name</key>
			<string>Products</string>
			<key>sourceTree</key>
			<string>&lt;group&gt;</string>
		</dict>
		<key>650876D117F6420400E3C4F4</key>
		<dict>
			<key>children</key>
			<array>
				<string>650876D217F6420400E3C4F4</string>
				<string>650876D417F6420400E3C4F4</string>
				<string>650876D617F6420400E3C4F4</string>
				<string>650876F117F6420400E3C4F4</string>
				<string>350DE8BA9F6E4E76AF954139</string>
			</array>
			<key>isa</key>
			<string>PBXGroup</string>
			<key>name</key>
			<string>Frameworks</string>
			<key>sourceTree</key>
			<string>&lt;group&gt;</string>
		</dict>
		<key>650876D217F6420400E3C4F4</key>
		<dict>
			<key>isa</key>
			<string>PBXFileReference</string>
			<key>lastKnownFileType</key>
			<string>wrapper.framework</string>
			<key>name</key>
			<string>Foundation.framework</string>
			<key>path</key>
			<string>System/Library/Frameworks/Foundation.framework</string>
			<key>sourceTree</key>
			<string>SDKROOT</string>
		</dict>
		<key>650876D317F6420400E3C4F4</key>
		<dict>
			<key>fileRef</key>
			<string>650876D217F6420400E3C4F4</string>
			<key>isa</key>
			<string>PBXBuildFile</string>
		</dict>
		<key>650876D417F6420400E3C4F4</key>
		<dict>
			<key>isa</key>
			<string>PBXFileReference</string>
			<key>lastKnownFileType</key>
			<string>wrapper.framework</string>
			<key>name</key>
			<string>CoreGraphics.framework</string>
			<key>path</key>
			<string>System/Library/Frameworks/CoreGraphics.framework</string>
			<key>sourceTree</key>
			<string>SDKROOT</string>
		</dict>
		<key>650876D517F6420400E3C4F4</key>
		<dict>
			<key>fileRef</key>
			<string>650876D417F6420400E3C4F4</string>
			<key>isa</key>
			<string>PBXBuildFile</string>
		</dict>
		<key>650876D617F6420400E3C4F4</key>
		<dict>
			<key>isa</key>
			<string>PBXFileReference</string>
			<key>lastKnownFileType</key>
			<string>wrapper.framework</string>
			<key>name</key>
			<string>UIKit.framework</string>
			<key>path</key>
			<string>System/Library/Frameworks/UIKit.framework</string>
			<key>sourceTree</key>
			<string>SDKROOT</string>
		</dict>
		<key>650876D717F6420400E3C4F4</key>
		<dict>
			<key>fileRef</key>
			<string>650876D617F6420400E3C4F4</string>
			<key>isa</key>
			<string>PBXBuildFile</string>
		</dict>
		<key>650876D817F6420400E3C4F4</key>
		<dict>
			<key>children</key>
			<array>
				<string>65E94214180708770018BF2A</string>
				<string>FA72F7C2180620BB004A768A</string>
				<string>650876E117F6420400E3C4F4</string>
				<string>650876E217F6420400E3C4F4</string>
				<string>650876E417F6420400E3C4F4</string>
				<string>650876EA17F6420400E3C4F4</string>
				<string>650876D917F6420400E3C4F4</string>
				<string>6574B8FC18060C2C007F9E19</string>
			</array>
			<key>isa</key>
			<string>PBXGroup</string>
			<key>path</key>
			<string>CommEffPivot</string>
			<key>sourceTree</key>
			<string>&lt;group&gt;</string>
		</dict>
		<key>650876D917F6420400E3C4F4</key>
		<dict>
			<key>children</key>
			<array>
				<string>650876DA17F6420400E3C4F4</string>
				<string>650876DB17F6420400E3C4F4</string>
				<string>650876DE17F6420400E3C4F4</string>
				<string>650876E017F6420400E3C4F4</string>
			</array>
			<key>isa</key>
			<string>PBXGroup</string>
			<key>name</key>
			<string>Supporting Files</string>
			<key>sourceTree</key>
			<string>&lt;group&gt;</string>
		</dict>
		<key>650876DA17F6420400E3C4F4</key>
		<dict>
			<key>isa</key>
			<string>PBXFileReference</string>
			<key>lastKnownFileType</key>
			<string>text.plist.xml</string>
			<key>path</key>
			<string>CommEffPivot-Info.plist</string>
			<key>sourceTree</key>
			<string>&lt;group&gt;</string>
		</dict>
		<key>650876DB17F6420400E3C4F4</key>
		<dict>
			<key>children</key>
			<array>
				<string>650876DC17F6420400E3C4F4</string>
			</array>
			<key>isa</key>
			<string>PBXVariantGroup</string>
			<key>name</key>
			<string>InfoPlist.strings</string>
			<key>sourceTree</key>
			<string>&lt;group&gt;</string>
		</dict>
		<key>650876DC17F6420400E3C4F4</key>
		<dict>
			<key>isa</key>
			<string>PBXFileReference</string>
			<key>lastKnownFileType</key>
			<string>text.plist.strings</string>
			<key>name</key>
			<string>en</string>
			<key>path</key>
			<string>en.lproj/InfoPlist.strings</string>
			<key>sourceTree</key>
			<string>&lt;group&gt;</string>
		</dict>
		<key>650876DD17F6420400E3C4F4</key>
		<dict>
			<key>fileRef</key>
			<string>650876DB17F6420400E3C4F4</string>
			<key>isa</key>
			<string>PBXBuildFile</string>
		</dict>
		<key>650876DE17F6420400E3C4F4</key>
		<dict>
			<key>isa</key>
			<string>PBXFileReference</string>
			<key>lastKnownFileType</key>
			<string>sourcecode.c.objc</string>
			<key>path</key>
			<string>main.m</string>
			<key>sourceTree</key>
			<string>&lt;group&gt;</string>
		</dict>
		<key>650876DF17F6420400E3C4F4</key>
		<dict>
			<key>fileRef</key>
			<string>650876DE17F6420400E3C4F4</string>
			<key>isa</key>
			<string>PBXBuildFile</string>
		</dict>
		<key>650876E017F6420400E3C4F4</key>
		<dict>
			<key>isa</key>
			<string>PBXFileReference</string>
			<key>lastKnownFileType</key>
			<string>sourcecode.c.h</string>
			<key>path</key>
			<string>CommEffPivot-Prefix.pch</string>
			<key>sourceTree</key>
			<string>&lt;group&gt;</string>
		</dict>
		<key>650876E117F6420400E3C4F4</key>
		<dict>
			<key>isa</key>
			<string>PBXFileReference</string>
			<key>lastKnownFileType</key>
			<string>sourcecode.c.h</string>
			<key>path</key>
			<string>LocColAppDelegate.h</string>
			<key>sourceTree</key>
			<string>&lt;group&gt;</string>
		</dict>
		<key>650876E217F6420400E3C4F4</key>
		<dict>
			<key>isa</key>
			<string>PBXFileReference</string>
			<key>lastKnownFileType</key>
			<string>sourcecode.c.objc</string>
			<key>path</key>
			<string>LocColAppDelegate.m</string>
			<key>sourceTree</key>
			<string>&lt;group&gt;</string>
		</dict>
		<key>650876E317F6420400E3C4F4</key>
		<dict>
			<key>fileRef</key>
			<string>650876E217F6420400E3C4F4</string>
			<key>isa</key>
			<string>PBXBuildFile</string>
		</dict>
		<key>650876E417F6420400E3C4F4</key>
		<dict>
			<key>children</key>
			<array>
				<string>650876E517F6420400E3C4F4</string>
			</array>
			<key>isa</key>
			<string>PBXVariantGroup</string>
			<key>name</key>
			<string>Main.storyboard</string>
			<key>sourceTree</key>
			<string>&lt;group&gt;</string>
		</dict>
		<key>650876E517F6420400E3C4F4</key>
		<dict>
			<key>isa</key>
			<string>PBXFileReference</string>
			<key>lastKnownFileType</key>
			<string>file.storyboard</string>
			<key>name</key>
			<string>Base</string>
			<key>path</key>
			<string>Base.lproj/Main.storyboard</string>
			<key>sourceTree</key>
			<string>&lt;group&gt;</string>
		</dict>
		<key>650876E617F6420400E3C4F4</key>
		<dict>
			<key>fileRef</key>
			<string>650876E417F6420400E3C4F4</string>
			<key>isa</key>
			<string>PBXBuildFile</string>
		</dict>
		<key>650876E717F6420400E3C4F4</key>
		<dict>
			<key>isa</key>
			<string>PBXFileReference</string>
			<key>lastKnownFileType</key>
			<string>sourcecode.c.h</string>
			<key>path</key>
			<string>LocColViewController.h</string>
			<key>sourceTree</key>
			<string>&lt;group&gt;</string>
		</dict>
		<key>650876E817F6420400E3C4F4</key>
		<dict>
			<key>isa</key>
			<string>PBXFileReference</string>
			<key>lastKnownFileType</key>
			<string>sourcecode.c.objc</string>
			<key>path</key>
			<string>LocColViewController.m</string>
			<key>sourceTree</key>
			<string>&lt;group&gt;</string>
		</dict>
		<key>650876E917F6420400E3C4F4</key>
		<dict>
			<key>fileRef</key>
			<string>650876E817F6420400E3C4F4</string>
			<key>isa</key>
			<string>PBXBuildFile</string>
		</dict>
		<key>650876EA17F6420400E3C4F4</key>
		<dict>
			<key>isa</key>
			<string>PBXFileReference</string>
			<key>lastKnownFileType</key>
			<string>folder.assetcatalog</string>
			<key>path</key>
			<string>Images.xcassets</string>
			<key>sourceTree</key>
			<string>&lt;group&gt;</string>
		</dict>
		<key>650876EB17F6420400E3C4F4</key>
		<dict>
			<key>fileRef</key>
			<string>650876EA17F6420400E3C4F4</string>
			<key>isa</key>
			<string>PBXBuildFile</string>
		</dict>
		<key>650876EC17F6420400E3C4F4</key>
		<dict>
			<key>buildActionMask</key>
			<string>2147483647</string>
			<key>files</key>
			<array>
				<string>650876FE17F6420400E3C4F4</string>
			</array>
			<key>isa</key>
			<string>PBXSourcesBuildPhase</string>
			<key>runOnlyForDeploymentPostprocessing</key>
			<string>0</string>
		</dict>
		<key>650876ED17F6420400E3C4F4</key>
		<dict>
			<key>buildActionMask</key>
			<string>2147483647</string>
			<key>files</key>
			<array>
				<string>650876F217F6420400E3C4F4</string>
				<string>650876F417F6420400E3C4F4</string>
				<string>650876F317F6420400E3C4F4</string>
			</array>
			<key>isa</key>
			<string>PBXFrameworksBuildPhase</string>
			<key>runOnlyForDeploymentPostprocessing</key>
			<string>0</string>
		</dict>
		<key>650876EE17F6420400E3C4F4</key>
		<dict>
			<key>buildActionMask</key>
			<string>2147483647</string>
			<key>files</key>
			<array>
				<string>650876FC17F6420400E3C4F4</string>
			</array>
			<key>isa</key>
			<string>PBXResourcesBuildPhase</string>
			<key>runOnlyForDeploymentPostprocessing</key>
			<string>0</string>
		</dict>
		<key>650876EF17F6420400E3C4F4</key>
		<dict>
			<key>buildConfigurationList</key>
			<string>6508770417F6420400E3C4F4</string>
			<key>buildPhases</key>
			<array>
				<string>650876EC17F6420400E3C4F4</string>
				<string>650876ED17F6420400E3C4F4</string>
				<string>650876EE17F6420400E3C4F4</string>
			</array>
			<key>buildRules</key>
			<array/>
			<key>dependencies</key>
			<array>
				<string>650876F617F6420400E3C4F4</string>
			</array>
			<key>isa</key>
			<string>PBXNativeTarget</string>
			<key>name</key>
			<string>CommEffPivotTests</string>
			<key>productName</key>
			<string>CommEffPivotTests</string>
			<key>productReference</key>
			<string>650876F017F6420400E3C4F4</string>
			<key>productType</key>
			<string>com.apple.product-type.bundle.unit-test</string>
		</dict>
		<key>650876F017F6420400E3C4F4</key>
		<dict>
			<key>explicitFileType</key>
			<string>wrapper.cfbundle</string>
			<key>includeInIndex</key>
			<string>0</string>
			<key>isa</key>
			<string>PBXFileReference</string>
			<key>path</key>
			<string>CommEffPivotTests.xctest</string>
			<key>sourceTree</key>
			<string>BUILT_PRODUCTS_DIR</string>
		</dict>
		<key>650876F117F6420400E3C4F4</key>
		<dict>
			<key>isa</key>
			<string>PBXFileReference</string>
			<key>lastKnownFileType</key>
			<string>wrapper.framework</string>
			<key>name</key>
			<string>XCTest.framework</string>
			<key>path</key>
			<string>Library/Frameworks/XCTest.framework</string>
			<key>sourceTree</key>
			<string>DEVELOPER_DIR</string>
		</dict>
		<key>650876F217F6420400E3C4F4</key>
		<dict>
			<key>fileRef</key>
			<string>650876F117F6420400E3C4F4</string>
			<key>isa</key>
			<string>PBXBuildFile</string>
		</dict>
		<key>650876F317F6420400E3C4F4</key>
		<dict>
			<key>fileRef</key>
			<string>650876D217F6420400E3C4F4</string>
			<key>isa</key>
			<string>PBXBuildFile</string>
		</dict>
		<key>650876F417F6420400E3C4F4</key>
		<dict>
			<key>fileRef</key>
			<string>650876D617F6420400E3C4F4</string>
			<key>isa</key>
			<string>PBXBuildFile</string>
		</dict>
		<key>650876F517F6420400E3C4F4</key>
		<dict>
			<key>containerPortal</key>
			<string>650876C717F6420400E3C4F4</string>
			<key>isa</key>
			<string>PBXContainerItemProxy</string>
			<key>proxyType</key>
			<string>1</string>
			<key>remoteGlobalIDString</key>
			<string>650876CE17F6420400E3C4F4</string>
			<key>remoteInfo</key>
			<string>CommEffPivot</string>
		</dict>
		<key>650876F617F6420400E3C4F4</key>
		<dict>
			<key>isa</key>
			<string>PBXTargetDependency</string>
			<key>target</key>
			<string>650876CE17F6420400E3C4F4</string>
			<key>targetProxy</key>
			<string>650876F517F6420400E3C4F4</string>
		</dict>
		<key>650876F717F6420400E3C4F4</key>
		<dict>
			<key>children</key>
			<array>
				<string>650876FD17F6420400E3C4F4</string>
				<string>650876F817F6420400E3C4F4</string>
			</array>
			<key>isa</key>
			<string>PBXGroup</string>
			<key>path</key>
			<string>CommEffPivotTests</string>
			<key>sourceTree</key>
			<string>&lt;group&gt;</string>
		</dict>
		<key>650876F817F6420400E3C4F4</key>
		<dict>
			<key>children</key>
			<array>
				<string>650876F917F6420400E3C4F4</string>
				<string>650876FA17F6420400E3C4F4</string>
			</array>
			<key>isa</key>
			<string>PBXGroup</string>
			<key>name</key>
			<string>Supporting Files</string>
			<key>sourceTree</key>
			<string>&lt;group&gt;</string>
		</dict>
		<key>650876F917F6420400E3C4F4</key>
		<dict>
			<key>isa</key>
			<string>PBXFileReference</string>
			<key>lastKnownFileType</key>
			<string>text.plist.xml</string>
			<key>path</key>
			<string>CommEffPivotTests-Info.plist</string>
			<key>sourceTree</key>
			<string>&lt;group&gt;</string>
		</dict>
		<key>650876FA17F6420400E3C4F4</key>
		<dict>
			<key>children</key>
			<array>
				<string>650876FB17F6420400E3C4F4</string>
			</array>
			<key>isa</key>
			<string>PBXVariantGroup</string>
			<key>name</key>
			<string>InfoPlist.strings</string>
			<key>sourceTree</key>
			<string>&lt;group&gt;</string>
		</dict>
		<key>650876FB17F6420400E3C4F4</key>
		<dict>
			<key>isa</key>
			<string>PBXFileReference</string>
			<key>lastKnownFileType</key>
			<string>text.plist.strings</string>
			<key>name</key>
			<string>en</string>
			<key>path</key>
			<string>en.lproj/InfoPlist.strings</string>
			<key>sourceTree</key>
			<string>&lt;group&gt;</string>
		</dict>
		<key>650876FC17F6420400E3C4F4</key>
		<dict>
			<key>fileRef</key>
			<string>650876FA17F6420400E3C4F4</string>
			<key>isa</key>
			<string>PBXBuildFile</string>
		</dict>
		<key>650876FD17F6420400E3C4F4</key>
		<dict>
			<key>isa</key>
			<string>PBXFileReference</string>
			<key>lastKnownFileType</key>
			<string>sourcecode.c.objc</string>
			<key>path</key>
			<string>CommEffPivotTests.m</string>
			<key>sourceTree</key>
			<string>&lt;group&gt;</string>
		</dict>
		<key>650876FE17F6420400E3C4F4</key>
		<dict>
			<key>fileRef</key>
			<string>650876FD17F6420400E3C4F4</string>
			<key>isa</key>
			<string>PBXBuildFile</string>
		</dict>
		<key>650876FF17F6420400E3C4F4</key>
		<dict>
			<key>buildSettings</key>
			<dict>
				<key>ALWAYS_SEARCH_USER_PATHS</key>
				<string>NO</string>
				<key>ARCHS</key>
				<string>$(ARCHS_STANDARD_INCLUDING_64_BIT)</string>
				<key>CLANG_CXX_LANGUAGE_STANDARD</key>
				<string>gnu++0x</string>
				<key>CLANG_CXX_LIBRARY</key>
				<string>libc++</string>
				<key>CLANG_ENABLE_MODULES</key>
				<string>YES</string>
				<key>CLANG_ENABLE_OBJC_ARC</key>
				<string>YES</string>
				<key>CLANG_WARN_BOOL_CONVERSION</key>
				<string>YES</string>
				<key>CLANG_WARN_CONSTANT_CONVERSION</key>
				<string>YES</string>
				<key>CLANG_WARN_DIRECT_OBJC_ISA_USAGE</key>
				<string>YES_ERROR</string>
				<key>CLANG_WARN_EMPTY_BODY</key>
				<string>YES</string>
				<key>CLANG_WARN_ENUM_CONVERSION</key>
				<string>YES</string>
				<key>CLANG_WARN_INT_CONVERSION</key>
				<string>YES</string>
				<key>CLANG_WARN_OBJC_ROOT_CLASS</key>
				<string>YES_ERROR</string>
				<key>CLANG_WARN__DUPLICATE_METHOD_MATCH</key>
				<string>YES</string>
				<key>CODE_SIGN_IDENTITY[sdk=iphoneos*]</key>
				<string>iPhone Developer</string>
				<key>COPY_PHASE_STRIP</key>
				<string>NO</string>
				<key>GCC_C_LANGUAGE_STANDARD</key>
				<string>gnu99</string>
				<key>GCC_DYNAMIC_NO_PIC</key>
				<string>NO</string>
				<key>GCC_OPTIMIZATION_LEVEL</key>
				<string>0</string>
				<key>GCC_PREPROCESSOR_DEFINITIONS</key>
				<array>
					<string>DEBUG=1</string>
					<string>$(inherited)</string>
				</array>
				<key>GCC_SYMBOLS_PRIVATE_EXTERN</key>
				<string>NO</string>
				<key>GCC_WARN_64_TO_32_BIT_CONVERSION</key>
				<string>YES</string>
				<key>GCC_WARN_ABOUT_RETURN_TYPE</key>
				<string>YES_ERROR</string>
				<key>GCC_WARN_UNDECLARED_SELECTOR</key>
				<string>YES</string>
				<key>GCC_WARN_UNINITIALIZED_AUTOS</key>
				<string>YES</string>
				<key>GCC_WARN_UNUSED_FUNCTION</key>
				<string>YES</string>
				<key>GCC_WARN_UNUSED_VARIABLE</key>
				<string>YES</string>
				<key>IPHONEOS_DEPLOYMENT_TARGET</key>
				<string>7.0</string>
				<key>ONLY_ACTIVE_ARCH</key>
				<string>YES</string>
				<key>SDKROOT</key>
				<string>iphoneos</string>
			</dict>
			<key>isa</key>
			<string>XCBuildConfiguration</string>
			<key>name</key>
			<string>Debug</string>
		</dict>
		<key>6508770017F6420400E3C4F4</key>
		<dict>
			<key>buildSettings</key>
			<dict>
				<key>ALWAYS_SEARCH_USER_PATHS</key>
				<string>NO</string>
				<key>ARCHS</key>
				<string>$(ARCHS_STANDARD_INCLUDING_64_BIT)</string>
				<key>CLANG_CXX_LANGUAGE_STANDARD</key>
				<string>gnu++0x</string>
				<key>CLANG_CXX_LIBRARY</key>
				<string>libc++</string>
				<key>CLANG_ENABLE_MODULES</key>
				<string>YES</string>
				<key>CLANG_ENABLE_OBJC_ARC</key>
				<string>YES</string>
				<key>CLANG_WARN_BOOL_CONVERSION</key>
				<string>YES</string>
				<key>CLANG_WARN_CONSTANT_CONVERSION</key>
				<string>YES</string>
				<key>CLANG_WARN_DIRECT_OBJC_ISA_USAGE</key>
				<string>YES_ERROR</string>
				<key>CLANG_WARN_EMPTY_BODY</key>
				<string>YES</string>
				<key>CLANG_WARN_ENUM_CONVERSION</key>
				<string>YES</string>
				<key>CLANG_WARN_INT_CONVERSION</key>
				<string>YES</string>
				<key>CLANG_WARN_OBJC_ROOT_CLASS</key>
				<string>YES_ERROR</string>
				<key>CLANG_WARN__DUPLICATE_METHOD_MATCH</key>
				<string>YES</string>
				<key>CODE_SIGN_IDENTITY[sdk=iphoneos*]</key>
				<string>iPhone Developer</string>
				<key>COPY_PHASE_STRIP</key>
				<string>YES</string>
				<key>ENABLE_NS_ASSERTIONS</key>
				<string>NO</string>
				<key>GCC_C_LANGUAGE_STANDARD</key>
				<string>gnu99</string>
				<key>GCC_WARN_64_TO_32_BIT_CONVERSION</key>
				<string>YES</string>
				<key>GCC_WARN_ABOUT_RETURN_TYPE</key>
				<string>YES_ERROR</string>
				<key>GCC_WARN_UNDECLARED_SELECTOR</key>
				<string>YES</string>
				<key>GCC_WARN_UNINITIALIZED_AUTOS</key>
				<string>YES</string>
				<key>GCC_WARN_UNUSED_FUNCTION</key>
				<string>YES</string>
				<key>GCC_WARN_UNUSED_VARIABLE</key>
				<string>YES</string>
				<key>IPHONEOS_DEPLOYMENT_TARGET</key>
				<string>7.0</string>
				<key>SDKROOT</key>
				<string>iphoneos</string>
				<key>VALIDATE_PRODUCT</key>
				<string>YES</string>
			</dict>
			<key>isa</key>
			<string>XCBuildConfiguration</string>
			<key>name</key>
			<string>Release</string>
		</dict>
		<key>6508770117F6420400E3C4F4</key>
		<dict>
			<key>buildConfigurations</key>
			<array>
				<string>6508770217F6420400E3C4F4</string>
				<string>6508770317F6420400E3C4F4</string>
			</array>
			<key>defaultConfigurationIsVisible</key>
			<string>0</string>
			<key>defaultConfigurationName</key>
			<string>Release</string>
			<key>isa</key>
			<string>XCConfigurationList</string>
		</dict>
		<key>6508770217F6420400E3C4F4</key>
		<dict>
			<key>baseConfigurationReference</key>
			<string>7C624B93A9844F23AD91F23C</string>
			<key>buildSettings</key>
			<dict>
				<key>ASSETCATALOG_COMPILER_APPICON_NAME</key>
				<string>AppIcon</string>
				<key>ASSETCATALOG_COMPILER_LAUNCHIMAGE_NAME</key>
				<string>LaunchImage</string>
				<key>GCC_PRECOMPILE_PREFIX_HEADER</key>
				<string>YES</string>
				<key>GCC_PREFIX_HEADER</key>
				<string>CommEffPivot/CommEffPivot-Prefix.pch</string>
				<key>INFOPLIST_FILE</key>
				<string>CommEffPivot/CommEffPivot-Info.plist</string>
				<key>PRODUCT_NAME</key>
				<string>$(TARGET_NAME)</string>
				<key>WRAPPER_EXTENSION</key>
				<string>app</string>
			</dict>
			<key>isa</key>
			<string>XCBuildConfiguration</string>
			<key>name</key>
			<string>Debug</string>
		</dict>
		<key>6508770317F6420400E3C4F4</key>
		<dict>
			<key>baseConfigurationReference</key>
			<string>7C624B93A9844F23AD91F23C</string>
			<key>buildSettings</key>
			<dict>
				<key>ASSETCATALOG_COMPILER_APPICON_NAME</key>
				<string>AppIcon</string>
				<key>ASSETCATALOG_COMPILER_LAUNCHIMAGE_NAME</key>
				<string>LaunchImage</string>
				<key>GCC_PRECOMPILE_PREFIX_HEADER</key>
				<string>YES</string>
				<key>GCC_PREFIX_HEADER</key>
				<string>CommEffPivot/CommEffPivot-Prefix.pch</string>
				<key>INFOPLIST_FILE</key>
				<string>CommEffPivot/CommEffPivot-Info.plist</string>
				<key>PRODUCT_NAME</key>
				<string>$(TARGET_NAME)</string>
				<key>WRAPPER_EXTENSION</key>
				<string>app</string>
			</dict>
			<key>isa</key>
			<string>XCBuildConfiguration</string>
			<key>name</key>
			<string>Release</string>
		</dict>
		<key>6508770417F6420400E3C4F4</key>
		<dict>
			<key>buildConfigurations</key>
			<array>
				<string>6508770517F6420400E3C4F4</string>
				<string>6508770617F6420400E3C4F4</string>
			</array>
			<key>defaultConfigurationIsVisible</key>
			<string>0</string>
			<key>defaultConfigurationName</key>
			<string>Release</string>
			<key>isa</key>
			<string>XCConfigurationList</string>
		</dict>
		<key>6508770517F6420400E3C4F4</key>
		<dict>
			<key>buildSettings</key>
			<dict>
				<key>ARCHS</key>
				<string>$(ARCHS_STANDARD_INCLUDING_64_BIT)</string>
				<key>BUNDLE_LOADER</key>
				<string>$(BUILT_PRODUCTS_DIR)/CommEffPivot.app/CommEffPivot</string>
				<key>FRAMEWORK_SEARCH_PATHS</key>
				<array>
					<string>$(SDKROOT)/Developer/Library/Frameworks</string>
					<string>$(inherited)</string>
					<string>$(DEVELOPER_FRAMEWORKS_DIR)</string>
				</array>
				<key>GCC_PRECOMPILE_PREFIX_HEADER</key>
				<string>YES</string>
				<key>GCC_PREFIX_HEADER</key>
				<string>CommEffPivot/CommEffPivot-Prefix.pch</string>
				<key>GCC_PREPROCESSOR_DEFINITIONS</key>
				<array>
					<string>DEBUG=1</string>
					<string>$(inherited)</string>
				</array>
				<key>INFOPLIST_FILE</key>
				<string>CommEffPivotTests/CommEffPivotTests-Info.plist</string>
				<key>PRODUCT_NAME</key>
				<string>$(TARGET_NAME)</string>
				<key>TEST_HOST</key>
				<string>$(BUNDLE_LOADER)</string>
				<key>WRAPPER_EXTENSION</key>
				<string>xctest</string>
			</dict>
			<key>isa</key>
			<string>XCBuildConfiguration</string>
			<key>name</key>
			<string>Debug</string>
		</dict>
		<key>6508770617F6420400E3C4F4</key>
		<dict>
			<key>buildSettings</key>
			<dict>
				<key>ARCHS</key>
				<string>$(ARCHS_STANDARD_INCLUDING_64_BIT)</string>
				<key>BUNDLE_LOADER</key>
				<string>$(BUILT_PRODUCTS_DIR)/CommEffPivot.app/CommEffPivot</string>
				<key>FRAMEWORK_SEARCH_PATHS</key>
				<array>
					<string>$(SDKROOT)/Developer/Library/Frameworks</string>
					<string>$(inherited)</string>
					<string>$(DEVELOPER_FRAMEWORKS_DIR)</string>
				</array>
				<key>GCC_PRECOMPILE_PREFIX_HEADER</key>
				<string>YES</string>
				<key>GCC_PREFIX_HEADER</key>
				<string>CommEffPivot/CommEffPivot-Prefix.pch</string>
				<key>INFOPLIST_FILE</key>
				<string>CommEffPivotTests/CommEffPivotTests-Info.plist</string>
				<key>PRODUCT_NAME</key>
				<string>$(TARGET_NAME)</string>
				<key>TEST_HOST</key>
				<string>$(BUNDLE_LOADER)</string>
				<key>WRAPPER_EXTENSION</key>
				<string>xctest</string>
			</dict>
			<key>isa</key>
			<string>XCBuildConfiguration</string>
			<key>name</key>
			<string>Release</string>
		</dict>
		<key>6574B8F9180606D9007F9E19</key>
		<dict>
			<key>fileEncoding</key>
			<string>4</string>
			<key>isa</key>
			<string>PBXFileReference</string>
			<key>lastKnownFileType</key>
			<string>sourcecode.c.h</string>
			<key>path</key>
			<string>LocColUtils.h</string>
			<key>sourceTree</key>
			<string>&lt;group&gt;</string>
		</dict>
		<key>6574B8FA180606D9007F9E19</key>
		<dict>
			<key>fileEncoding</key>
			<string>4</string>
			<key>isa</key>
			<string>PBXFileReference</string>
			<key>lastKnownFileType</key>
			<string>sourcecode.c.objc</string>
			<key>path</key>
			<string>LocColUtils.m</string>
			<key>sourceTree</key>
			<string>&lt;group&gt;</string>
		</dict>
		<key>6574B8FB180606D9007F9E19</key>
		<dict>
			<key>fileRef</key>
			<string>6574B8FA180606D9007F9E19</string>
			<key>isa</key>
			<string>PBXBuildFile</string>
		</dict>
		<key>6574B8FC18060C2C007F9E19</key>
		<dict>
			<key>isa</key>
			<string>PBXFileReference</string>
			<key>lastKnownFileType</key>
			<string>sourcecode.c.h</string>
			<key>path</key>
			<string>Constants.h</string>
			<key>sourceTree</key>
			<string>&lt;group&gt;</string>
		</dict>
		<key>6574B8FD18061AC3007F9E19</key>
		<dict>
			<key>fileEncoding</key>
			<string>4</string>
			<key>isa</key>
			<string>PBXFileReference</string>
			<key>lastKnownFileType</key>
			<string>sourcecode.c.h</string>
			<key>path</key>
			<string>LocColLoginViewController.h</string>
			<key>sourceTree</key>
			<string>&lt;group&gt;</string>
		</dict>
		<key>6574B8FE18061AC3007F9E19</key>
		<dict>
			<key>fileEncoding</key>
			<string>4</string>
			<key>isa</key>
			<string>PBXFileReference</string>
			<key>lastKnownFileType</key>
			<string>sourcecode.c.objc</string>
			<key>path</key>
			<string>LocColLoginViewController.m</string>
			<key>sourceTree</key>
			<string>&lt;group&gt;</string>
		</dict>
		<key>6574B8FF18061AC3007F9E19</key>
		<dict>
			<key>fileRef</key>
			<string>6574B8FE18061AC3007F9E19</string>
			<key>isa</key>
			<string>PBXBuildFile</string>
		</dict>
		<key>6574B900180631A1007F9E19</key>
		<dict>
			<key>children</key>
			<array>
				<string>6574B901180631BE007F9E19</string>
				<string>6574B902180631BE007F9E19</string>
				<string>6574B90418063243007F9E19</string>
				<string>6574B90518063243007F9E19</string>
				<string>6583D04C180643920067422B</string>
				<string>6583D04D180643920067422B</string>
			</array>
			<key>isa</key>
			<string>PBXGroup</string>
			<key>name</key>
			<string>Models</string>
			<key>sourceTree</key>
			<string>&lt;group&gt;</string>
		</dict>
		<key>6574B901180631BE007F9E19</key>
		<dict>
			<key>fileEncoding</key>
			<string>4</string>
			<key>isa</key>
			<string>PBXFileReference</string>
			<key>lastKnownFileType</key>
			<string>sourcecode.c.h</string>
			<key>path</key>
			<string>LocColCourse.h</string>
			<key>sourceTree</key>
			<string>&lt;group&gt;</string>
		</dict>
		<key>6574B902180631BE007F9E19</key>
		<dict>
			<key>fileEncoding</key>
			<string>4</string>
			<key>isa</key>
			<string>PBXFileReference</string>
			<key>lastKnownFileType</key>
			<string>sourcecode.c.objc</string>
			<key>path</key>
			<string>LocColCourse.m</string>
			<key>sourceTree</key>
			<string>&lt;group&gt;</string>
		</dict>
		<key>6574B903180631BE007F9E19</key>
		<dict>
			<key>fileRef</key>
			<string>6574B902180631BE007F9E19</string>
			<key>isa</key>
			<string>PBXBuildFile</string>
		</dict>
		<key>6574B90418063243007F9E19</key>
		<dict>
			<key>fileEncoding</key>
			<string>4</string>
			<key>isa</key>
			<string>PBXFileReference</string>
			<key>lastKnownFileType</key>
			<string>sourcecode.c.h</string>
			<key>path</key>
			<string>LocColPresentation.h</string>
			<key>sourceTree</key>
			<string>&lt;group&gt;</string>
		</dict>
		<key>6574B90518063243007F9E19</key>
		<dict>
			<key>fileEncoding</key>
			<string>4</string>
			<key>isa</key>
			<string>PBXFileReference</string>
			<key>lastKnownFileType</key>
			<string>sourcecode.c.objc</string>
			<key>path</key>
			<string>LocColPresentation.m</string>
			<key>sourceTree</key>
			<string>&lt;group&gt;</string>
		</dict>
		<key>6574B90618063243007F9E19</key>
		<dict>
			<key>fileRef</key>
			<string>6574B90518063243007F9E19</string>
			<key>isa</key>
			<string>PBXBuildFile</string>
		</dict>
		<key>6574B9071806331B007F9E19</key>
		<dict>
			<key>fileEncoding</key>
			<string>4</string>
			<key>isa</key>
			<string>PBXFileReference</string>
			<key>lastKnownFileType</key>
			<string>sourcecode.c.h</string>
			<key>path</key>
			<string>LocColAPIRequest.h</string>
			<key>sourceTree</key>
			<string>&lt;group&gt;</string>
		</dict>
		<key>6574B9081806331B007F9E19</key>
		<dict>
			<key>fileEncoding</key>
			<string>4</string>
			<key>isa</key>
			<string>PBXFileReference</string>
			<key>lastKnownFileType</key>
			<string>sourcecode.c.objc</string>
			<key>path</key>
			<string>LocColAPIRequest.m</string>
			<key>sourceTree</key>
			<string>&lt;group&gt;</string>
		</dict>
		<key>6574B9091806331B007F9E19</key>
		<dict>
			<key>fileRef</key>
			<string>6574B9081806331B007F9E19</string>
			<key>isa</key>
			<string>PBXBuildFile</string>
		</dict>
		<key>6582DCA0180CB238004C9C6A</key>
		<dict>
			<key>children</key>
			<array>
				<string>6582DCA1180CB42A004C9C6A</string>
				<string>6582DCA2180CB42A004C9C6A</string>
			</array>
			<key>isa</key>
			<string>PBXGroup</string>
			<key>name</key>
			<string>Operations</string>
			<key>sourceTree</key>
			<string>&lt;group&gt;</string>
		</dict>
		<key>6582DCA1180CB42A004C9C6A</key>
		<dict>
			<key>fileEncoding</key>
			<string>4</string>
			<key>isa</key>
			<string>PBXFileReference</string>
			<key>lastKnownFileType</key>
			<string>sourcecode.c.h</string>
			<key>path</key>
			<string>LocColFetchCourseListOperation.h</string>
			<key>sourceTree</key>
			<string>&lt;group&gt;</string>
		</dict>
		<key>6582DCA2180CB42A004C9C6A</key>
		<dict>
			<key>fileEncoding</key>
			<string>4</string>
			<key>isa</key>
			<string>PBXFileReference</string>
			<key>lastKnownFileType</key>
			<string>sourcecode.c.objc</string>
			<key>path</key>
			<string>LocColFetchCourseListOperation.m</string>
			<key>sourceTree</key>
			<string>&lt;group&gt;</string>
		</dict>
		<key>6582DCA3180CB42A004C9C6A</key>
		<dict>
			<key>fileRef</key>
			<string>6582DCA2180CB42A004C9C6A</string>
			<key>isa</key>
			<string>PBXBuildFile</string>
		</dict>
		<key>6583D04C180643920067422B</key>
		<dict>
			<key>fileEncoding</key>
			<string>4</string>
			<key>isa</key>
			<string>PBXFileReference</string>
			<key>lastKnownFileType</key>
			<string>sourcecode.c.h</string>
			<key>path</key>
			<string>LocColCourseList.h</string>
			<key>sourceTree</key>
			<string>&lt;group&gt;</string>
		</dict>
		<key>6583D04D180643920067422B</key>
		<dict>
			<key>fileEncoding</key>
			<string>4</string>
			<key>isa</key>
			<string>PBXFileReference</string>
			<key>lastKnownFileType</key>
			<string>sourcecode.c.objc</string>
			<key>path</key>
			<string>LocColCourseList.m</string>
			<key>sourceTree</key>
			<string>&lt;group&gt;</string>
		</dict>
		<key>6583D04E180643920067422B</key>
		<dict>
			<key>fileRef</key>
			<string>6583D04D180643920067422B</string>
			<key>isa</key>
			<string>PBXBuildFile</string>
		</dict>
		<key>65E9420D18067A3D0018BF2A</key>
		<dict>
			<key>fileEncoding</key>
			<string>4</string>
			<key>isa</key>
			<string>PBXFileReference</string>
			<key>lastKnownFileType</key>
			<string>sourcecode.c.h</string>
			<key>path</key>
			<string>LocColTableViewController.h</string>
			<key>sourceTree</key>
			<string>&lt;group&gt;</string>
		</dict>
		<key>65E9420E18067A3D0018BF2A</key>
		<dict>
			<key>fileEncoding</key>
			<string>4</string>
			<key>isa</key>
			<string>PBXFileReference</string>
			<key>lastKnownFileType</key>
			<string>sourcecode.c.objc</string>
			<key>path</key>
			<string>LocColTableViewController.m</string>
			<key>sourceTree</key>
			<string>&lt;group&gt;</string>
		</dict>
		<key>65E9420F18067A3D0018BF2A</key>
		<dict>
			<key>fileRef</key>
			<string>65E9420E18067A3D0018BF2A</string>
			<key>isa</key>
			<string>PBXBuildFile</string>
		</dict>
		<key>65E94214180708770018BF2A</key>
		<dict>
			<key>children</key>
			<array>
				<string>65E9421718070D400018BF2A</string>
				<string>65E9421518070D240018BF2A</string>
			</array>
			<key>isa</key>
			<string>PBXGroup</string>
			<key>name</key>
			<string>images</string>
			<key>sourceTree</key>
			<string>&lt;group&gt;</string>
		</dict>
		<key>65E9421518070D240018BF2A</key>
		<dict>
			<key>isa</key>
			<string>PBXFileReference</string>
			<key>lastKnownFileType</key>
			<string>image.png</string>
			<key>name</key>
			<string>spanner 2.png</string>
			<key>path</key>
			<string>images/spanner 2.png</string>
			<key>sourceTree</key>
			<string>&lt;group&gt;</string>
		</dict>
		<key>65E9421618070D240018BF2A</key>
		<dict>
			<key>fileRef</key>
			<string>65E9421518070D240018BF2A</string>
			<key>isa</key>
			<string>PBXBuildFile</string>
		</dict>
		<key>65E9421718070D400018BF2A</key>
		<dict>
			<key>isa</key>
			<string>PBXFileReference</string>
			<key>lastKnownFileType</key>
			<string>image.png</string>
			<key>name</key>
			<string>presentation 2.png</string>
			<key>path</key>
			<string>images/presentation 2.png</string>
			<key>sourceTree</key>
			<string>&lt;group&gt;</string>
		</dict>
		<key>65E9421818070D400018BF2A</key>
		<dict>
			<key>fileRef</key>
			<string>65E9421718070D400018BF2A</string>
			<key>isa</key>
			<string>PBXBuildFile</string>
		</dict>
		<key>7C624B93A9844F23AD91F23C</key>
		<dict>
			<key>includeInIndex</key>
			<string>1</string>
			<key>isa</key>
			<string>PBXFileReference</string>
			<key>lastKnownFileType</key>
			<string>text.xcconfig</string>
			<key>name</key>
			<string>Pods.xcconfig</string>
			<key>path</key>
			<string>Pods/Pods.xcconfig</string>
			<key>sourceTree</key>
			<string>&lt;group&gt;</string>
		</dict>
		<key>E3D46BB1F93744B7887AD386</key>
		<dict>
			<key>buildActionMask</key>
			<string>2147483647</string>
			<key>files</key>
			<array/>
			<key>inputPaths</key>
			<array/>
			<key>isa</key>
			<string>PBXShellScriptBuildPhase</string>
			<key>name</key>
			<string>Copy Pods Resources</string>
			<key>outputPaths</key>
			<array/>
			<key>runOnlyForDeploymentPostprocessing</key>
			<string>0</string>
			<key>shellPath</key>
			<string>/bin/sh</string>
			<key>shellScript</key>
			<string>"${SRCROOT}/Pods/Pods-resources.sh"
</string>
			<key>showEnvVarsInLog</key>
			<string>0</string>
		</dict>
		<key>FA72F7C2180620BB004A768A</key>
		<dict>
			<key>children</key>
			<array>
				<string>6582DCA0180CB238004C9C6A</string>
				<string>6574B900180631A1007F9E19</string>
				<string>FA72F7C418062212004A768A</string>
				<string>FA72F7C3180621B8004A768A</string>
			</array>
			<key>isa</key>
			<string>PBXGroup</string>
			<key>name</key>
			<string>Classes</string>
			<key>sourceTree</key>
			<string>&lt;group&gt;</string>
		</dict>
		<key>FA72F7C3180621B8004A768A</key>
		<dict>
			<key>children</key>
			<array>
				<string>65E9420D18067A3D0018BF2A</string>
				<string>65E9420E18067A3D0018BF2A</string>
				<string>650876E717F6420400E3C4F4</string>
				<string>650876E817F6420400E3C4F4</string>
				<string>6574B8FD18061AC3007F9E19</string>
				<string>6574B8FE18061AC3007F9E19</string>
			</array>
			<key>isa</key>
			<string>PBXGroup</string>
			<key>name</key>
			<string>Views</string>
			<key>sourceTree</key>
			<string>&lt;group&gt;</string>
		</dict>
		<key>FA72F7C418062212004A768A</key>
		<dict>
			<key>children</key>
			<array>
				<string>6574B8F9180606D9007F9E19</string>
				<string>FA72F7C51806226C004A768A</string>
				<string>FA72F7C61806226C004A768A</string>
				<string>6574B8FA180606D9007F9E19</string>
				<string>6574B9071806331B007F9E19</string>
				<string>6574B9081806331B007F9E19</string>
			</array>
			<key>isa</key>
			<string>PBXGroup</string>
			<key>name</key>
			<string>Helpers</string>
			<key>sourceTree</key>
			<string>&lt;group&gt;</string>
		</dict>
		<key>FA72F7C51806226C004A768A</key>
		<dict>
			<key>fileEncoding</key>
			<string>4</string>
			<key>isa</key>
			<string>PBXFileReference</string>
			<key>lastKnownFileType</key>
			<string>sourcecode.c.h</string>
			<key>path</key>
			<string>LocColRequestQueue.h</string>
			<key>sourceTree</key>
			<string>&lt;group&gt;</string>
		</dict>
		<key>FA72F7C61806226C004A768A</key>
		<dict>
			<key>fileEncoding</key>
			<string>4</string>
			<key>isa</key>
			<string>PBXFileReference</string>
			<key>lastKnownFileType</key>
			<string>sourcecode.c.objc</string>
			<key>path</key>
			<string>LocColRequestQueue.m</string>
			<key>sourceTree</key>
			<string>&lt;group&gt;</string>
		</dict>
		<key>FA72F7C71806226C004A768A</key>
		<dict>
			<key>fileRef</key>
			<string>FA72F7C61806226C004A768A</string>
			<key>isa</key>
			<string>PBXBuildFile</string>
		</dict>
	</dict>
	<key>rootObject</key>
	<string>650876C717F6420400E3C4F4</string>
</dict>
</plist>
